
Microsoft Visual Studio Solution File, Format Version 12.00
# Visual Studio Version 17
VisualStudioVersion = 17.5.33530.505
MinimumVisualStudioVersion = 10.0.40219.1
Project("{8BC9CEB8-8B4A-11D0-8D11-00A0C91BC942}") = "SFS1", "SFS1.vcxproj", "{3D94462C-B9A1-40A7-BA23-E1428122FB10}"
EndProject
Global
	GlobalSection(SolutionConfigurationPlatforms) = preSolution
		Debug|x64 = Debug|x64
		Debug|x86 = Debug|x86
		Release|x64 = Release|x64
		Release|x86 = Release|x86
	EndGlobalSection
	GlobalSection(ProjectConfigurationPlatforms) = postSolution
		{3D94462C-B9A1-40A7-BA23-E1428122FB10}.Debug|x64.ActiveCfg = Debug|x64
		{3D94462C-B9A1-40A7-BA23-E1428122FB10}.Debug|x64.Build.0 = Debug|x64
		{3D94462C-B9A1-40A7-BA23-E1428122FB10}.Debug|x86.ActiveCfg = Debug|Win32
		{3D94462C-B9A1-40A7-BA23-E1428122FB10}.Debug|x86.Build.0 = Debug|Win32
		{3D94462C-B9A1-40A7-BA23-E1428122FB10}.Release|x64.ActiveCfg = Release|x64
		{3D94462C-B9A1-40A7-BA23-E1428122FB10}.Release|x64.Build.0 = Release|x64
		{3D94462C-B9A1-40A7-BA23-E1428122FB10}.Release|x86.ActiveCfg = Release|Win32
		{3D94462C-B9A1-40A7-BA23-E1428122FB10}.Release|x86.Build.0 = Release|Win32
	EndGlobalSection
	GlobalSection(SolutionProperties) = preSolution
		HideSolutionNode = FALSE
	EndGlobalSection
	GlobalSection(ExtensibilityGlobals) = postSolution
		SolutionGuid = {5349141D-0B29-442A-A1E1-6549CBC02946}
	EndGlobalSection
EndGlobal
