
Microsoft Visual Studio Solution File, Format Version 12.00
# Visual Studio Version 17
VisualStudioVersion = 17.4.33103.184
MinimumVisualStudioVersion = 10.0.40219.1
Project("{8BC9CEB8-8B4A-11D0-8D11-00A0C91BC942}") = "SeqSpatialHorizon1", "SeqSpatialHorizon1\SeqSpatialHorizon1.vcxproj", "{23B4411D-1945-45C2-A166-D0C4D2FFC0E6}"
EndProject
Global
	GlobalSection(SolutionConfigurationPlatforms) = preSolution
		Debug|x64 = Debug|x64
		Debug|x86 = Debug|x86
		Release|x64 = Release|x64
		Release|x86 = Release|x86
	EndGlobalSection
	GlobalSection(ProjectConfigurationPlatforms) = postSolution
		{23B4411D-1945-45C2-A166-D0C4D2FFC0E6}.Debug|x64.ActiveCfg = Debug|x64
		{23B4411D-1945-45C2-A166-D0C4D2FFC0E6}.Debug|x64.Build.0 = Debug|x64
		{23B4411D-1945-45C2-A166-D0C4D2FFC0E6}.Debug|x86.ActiveCfg = Debug|Win32
		{23B4411D-1945-45C2-A166-D0C4D2FFC0E6}.Debug|x86.Build.0 = Debug|Win32
		{23B4411D-1945-45C2-A166-D0C4D2FFC0E6}.Release|x64.ActiveCfg = Release|x64
		{23B4411D-1945-45C2-A166-D0C4D2FFC0E6}.Release|x64.Build.0 = Release|x64
		{23B4411D-1945-45C2-A166-D0C4D2FFC0E6}.Release|x86.ActiveCfg = Release|Win32
		{23B4411D-1945-45C2-A166-D0C4D2FFC0E6}.Release|x86.Build.0 = Release|Win32
	EndGlobalSection
	GlobalSection(SolutionProperties) = preSolution
		HideSolutionNode = FALSE
	EndGlobalSection
	GlobalSection(ExtensibilityGlobals) = postSolution
		SolutionGuid = {88454D47-3E9D-4B4A-9D04-42FFB89FDA24}
	EndGlobalSection
EndGlobal
