
Microsoft Visual Studio Solution File, Format Version 12.00
# Visual Studio Version 17
VisualStudioVersion = 17.5.33530.505
MinimumVisualStudioVersion = 10.0.40219.1
Project("{8BC9CEB8-8B4A-11D0-8D11-00A0C91BC942}") = "FingerSequenceBasic", "FingerSequenceBasic.vcxproj", "{707008FC-02FB-47E8-815D-001F95A81927}"
EndProject
Global
	GlobalSection(SolutionConfigurationPlatforms) = preSolution
		Debug|x64 = Debug|x64
		Debug|x86 = Debug|x86
		Release|x64 = Release|x64
		Release|x86 = Release|x86
	EndGlobalSection
	GlobalSection(ProjectConfigurationPlatforms) = postSolution
		{707008FC-02FB-47E8-815D-001F95A81927}.Debug|x64.ActiveCfg = Debug|x64
		{707008FC-02FB-47E8-815D-001F95A81927}.Debug|x64.Build.0 = Debug|x64
		{707008FC-02FB-47E8-815D-001F95A81927}.Debug|x86.ActiveCfg = Debug|Win32
		{707008FC-02FB-47E8-815D-001F95A81927}.Debug|x86.Build.0 = Debug|Win32
		{707008FC-02FB-47E8-815D-001F95A81927}.Release|x64.ActiveCfg = Release|x64
		{707008FC-02FB-47E8-815D-001F95A81927}.Release|x64.Build.0 = Release|x64
		{707008FC-02FB-47E8-815D-001F95A81927}.Release|x86.ActiveCfg = Release|Win32
		{707008FC-02FB-47E8-815D-001F95A81927}.Release|x86.Build.0 = Release|Win32
	EndGlobalSection
	GlobalSection(SolutionProperties) = preSolution
		HideSolutionNode = FALSE
	EndGlobalSection
	GlobalSection(ExtensibilityGlobals) = postSolution
		SolutionGuid = {7A28EEEC-1205-4C0C-85B1-5137728BAB1B}
	EndGlobalSection
EndGlobal
